// !$*UTF8*$!
{
	archiveVersion = 1;
	classes = {
	};
	objectVersion = 52;
	objects = {

/* Begin PBXBuildFile section */
		243F4D298C9460566B574229 /* Pods_NotificationService.framework in Frameworks */ = {isa = PBXBuildFile; fileRef = 080E7B37BD0305CAB9A7E174 /* Pods_NotificationService.framework */; };
		952A0A9D2449FCD300D004BD /* AppFlow.swift in Sources */ = {isa = PBXBuildFile; fileRef = 952A0A9C2449FCD300D004BD /* AppFlow.swift */; };
		952A0AA02449FCFB00D004BD /* ToolkitRxSwift in Frameworks */ = {isa = PBXBuildFile; productRef = 952A0A9F2449FCFB00D004BD /* ToolkitRxSwift */; };
		952A0AA12449FCFB00D004BD /* ToolkitRxSwift in Embed Frameworks */ = {isa = PBXBuildFile; productRef = 952A0A9F2449FCFB00D004BD /* ToolkitRxSwift */; settings = {ATTRIBUTES = (CodeSignOnCopy, ); }; };
		952A0AA72449FD1F00D004BD /* AppSteps.swift in Sources */ = {isa = PBXBuildFile; fileRef = 952A0AA62449FD1F00D004BD /* AppSteps.swift */; };
		952A0AAA2449FD9F00D004BD /* AppServices.swift in Sources */ = {isa = PBXBuildFile; fileRef = 952A0AA92449FD9F00D004BD /* AppServices.swift */; };
		952A0AAC2449FDAD00D004BD /* PreferenceService.swift in Sources */ = {isa = PBXBuildFile; fileRef = 952A0AAB2449FDAD00D004BD /* PreferenceService.swift */; };
		952A0AAE2449FE1800D004BD /* SplashFlow.swift in Sources */ = {isa = PBXBuildFile; fileRef = 952A0AAD2449FE1800D004BD /* SplashFlow.swift */; };
		952A0AB02449FED900D004BD /* ZeplinService.swift in Sources */ = {isa = PBXBuildFile; fileRef = 952A0AAF2449FED900D004BD /* ZeplinService.swift */; };
		952A0AB2244A015400D004BD /* SplashViewController.swift in Sources */ = {isa = PBXBuildFile; fileRef = 952A0AB1244A015400D004BD /* SplashViewController.swift */; };
		952A0AB4244A029900D004BD /* LoadingView.swift in Sources */ = {isa = PBXBuildFile; fileRef = 952A0AB3244A029900D004BD /* LoadingView.swift */; };
		952A0AB6244A05A700D004BD /* ProfileSteps.swift in Sources */ = {isa = PBXBuildFile; fileRef = 952A0AB5244A05A700D004BD /* ProfileSteps.swift */; };
		952A0AB8244A060400D004BD /* AppConfig.swift in Sources */ = {isa = PBXBuildFile; fileRef = 952A0AB7244A060400D004BD /* AppConfig.swift */; };
		952A0ABA244A0E5A00D004BD /* ProjectsFlow.swift in Sources */ = {isa = PBXBuildFile; fileRef = 952A0AB9244A0E5A00D004BD /* ProjectsFlow.swift */; };
		952A0ABC244A0EC200D004BD /* ProjectsSteps.swift in Sources */ = {isa = PBXBuildFile; fileRef = 952A0ABB244A0EC200D004BD /* ProjectsSteps.swift */; };
		952A0ABE244A0F9100D004BD /* LoginFlow.swift in Sources */ = {isa = PBXBuildFile; fileRef = 952A0ABD244A0F9100D004BD /* LoginFlow.swift */; };
		952A0AC0244A0FBD00D004BD /* LoginSteps.swift in Sources */ = {isa = PBXBuildFile; fileRef = 952A0ABF244A0FBD00D004BD /* LoginSteps.swift */; };
		952A0AC2244A108600D004BD /* SplashViewModel.swift in Sources */ = {isa = PBXBuildFile; fileRef = 952A0AC1244A108600D004BD /* SplashViewModel.swift */; };
		952A0AC4244A528B00D004BD /* ProfileFlow.swift in Sources */ = {isa = PBXBuildFile; fileRef = 952A0AC3244A528B00D004BD /* ProfileFlow.swift */; };
		952A0AC6244A643A00D004BD /* WebLoginFlow.swift in Sources */ = {isa = PBXBuildFile; fileRef = 952A0AC5244A643A00D004BD /* WebLoginFlow.swift */; };
		952A0AC8244A646C00D004BD /* WebLoginSteps.swift in Sources */ = {isa = PBXBuildFile; fileRef = 952A0AC7244A646C00D004BD /* WebLoginSteps.swift */; };
		952A0ACA244A688A00D004BD /* UIViewController+Extensions.swift in Sources */ = {isa = PBXBuildFile; fileRef = 952A0AC9244A688A00D004BD /* UIViewController+Extensions.swift */; };
		952A0ACD244A690300D004BD /* SwiftEntryKit in Frameworks */ = {isa = PBXBuildFile; productRef = 952A0ACC244A690300D004BD /* SwiftEntryKit */; };
		952A0AD9244B491400D004BD /* Sentry in Frameworks */ = {isa = PBXBuildFile; productRef = 952A0AD8244B491400D004BD /* Sentry */; };
		953C0722240E99620071842A /* ProjectsArchivedHeaderView.swift in Sources */ = {isa = PBXBuildFile; fileRef = 953C0721240E99620071842A /* ProjectsArchivedHeaderView.swift */; };
		953C072C240F85BA0071842A /* loading-animation.json in Resources */ = {isa = PBXBuildFile; fileRef = 953C072B240F85BA0071842A /* loading-animation.json */; };
		953C072E240F8A5C0071842A /* ScreenSection.swift in Sources */ = {isa = PBXBuildFile; fileRef = 953C072D240F8A5C0071842A /* ScreenSection.swift */; };
		953C0730240FAB120071842A /* ScreenSectionHeaderView.swift in Sources */ = {isa = PBXBuildFile; fileRef = 953C072F240FAB120071842A /* ScreenSectionHeaderView.swift */; };
		953C0732240FDA910071842A /* ScreenView.swift in Sources */ = {isa = PBXBuildFile; fileRef = 953C0731240FDA910071842A /* ScreenView.swift */; };
		953C0734240FDA970071842A /* ScreenViewModel.swift in Sources */ = {isa = PBXBuildFile; fileRef = 953C0733240FDA970071842A /* ScreenViewModel.swift */; };
		953C0736240FDA9F0071842A /* ScreenViewController.swift in Sources */ = {isa = PBXBuildFile; fileRef = 953C0735240FDA9F0071842A /* ScreenViewController.swift */; };
		953C073A2410554C0071842A /* NotificationsComingSoonView.swift in Sources */ = {isa = PBXBuildFile; fileRef = 953C07392410554C0071842A /* NotificationsComingSoonView.swift */; };
		955B8551240A858000239894 /* AppDelegate.swift in Sources */ = {isa = PBXBuildFile; fileRef = 955B8550240A858000239894 /* AppDelegate.swift */; };
		955B855A240A858200239894 /* Assets.xcassets in Resources */ = {isa = PBXBuildFile; fileRef = 955B8559240A858200239894 /* Assets.xcassets */; };
		955B855D240A858200239894 /* LaunchScreen.storyboard in Resources */ = {isa = PBXBuildFile; fileRef = 955B855B240A858200239894 /* LaunchScreen.storyboard */; };
		955B8580240A86BE00239894 /* SplashView.swift in Sources */ = {isa = PBXBuildFile; fileRef = 955B8575240A86BE00239894 /* SplashView.swift */; };
		955B8584240A86CB00239894 /* LoginView.swift in Sources */ = {isa = PBXBuildFile; fileRef = 955B8583240A86CB00239894 /* LoginView.swift */; };
		955B8586240A86E400239894 /* LoginViewModel.swift in Sources */ = {isa = PBXBuildFile; fileRef = 955B8585240A86E400239894 /* LoginViewModel.swift */; };
		955B8588240A870500239894 /* LoginViewController.swift in Sources */ = {isa = PBXBuildFile; fileRef = 955B8587240A870500239894 /* LoginViewController.swift */; };
		955B8595240A874800239894 /* Extensions.swift in Sources */ = {isa = PBXBuildFile; fileRef = 955B858E240A874800239894 /* Extensions.swift */; };
		955B859A240A880C00239894 /* Kingfisher in Frameworks */ = {isa = PBXBuildFile; productRef = 955B8599240A880C00239894 /* Kingfisher */; };
		955B859D240A8E6700239894 /* ProjectsView.swift in Sources */ = {isa = PBXBuildFile; fileRef = 955B859C240A8E6700239894 /* ProjectsView.swift */; };
		955B859F240A8E8200239894 /* ProjectsViewModel.swift in Sources */ = {isa = PBXBuildFile; fileRef = 955B859E240A8E8200239894 /* ProjectsViewModel.swift */; };
		955B85A1240A8E9700239894 /* ProjectsViewController.swift in Sources */ = {isa = PBXBuildFile; fileRef = 955B85A0240A8E9700239894 /* ProjectsViewController.swift */; };
		955B85A3240A965800239894 /* ProjectsEmptyView.swift in Sources */ = {isa = PBXBuildFile; fileRef = 955B85A2240A965800239894 /* ProjectsEmptyView.swift */; };
		955B85A5240AC69C00239894 /* LoginWebViewController.swift in Sources */ = {isa = PBXBuildFile; fileRef = 955B85A4240AC69C00239894 /* LoginWebViewController.swift */; };
		955B85AA240AC73F00239894 /* LoginWebView.swift in Sources */ = {isa = PBXBuildFile; fileRef = 955B85A9240AC73F00239894 /* LoginWebView.swift */; };
		955B85AC240AC75400239894 /* LoginWebViewModel.swift in Sources */ = {isa = PBXBuildFile; fileRef = 955B85AB240AC75400239894 /* LoginWebViewModel.swift */; };
		9566E2582431029F00BF78AC /* NotificationService.swift in Sources */ = {isa = PBXBuildFile; fileRef = 9566E2572431029F00BF78AC /* NotificationService.swift */; };
		9566E25C2431029F00BF78AC /* NotificationService.appex in Embed App Extensions */ = {isa = PBXBuildFile; fileRef = 9566E2552431029F00BF78AC /* NotificationService.appex */; settings = {ATTRIBUTES = (RemoveHeadersOnCopy, ); }; };
		9566E2722431192400BF78AC /* ZeplinProvider.swift in Sources */ = {isa = PBXBuildFile; fileRef = 9566E2712431192400BF78AC /* ZeplinProvider.swift */; };
		95AAE0FE240ADE4100A2001A /* User.swift in Sources */ = {isa = PBXBuildFile; fileRef = 95AAE0FD240ADE4100A2001A /* User.swift */; };
		95AAE100240ADE8F00A2001A /* CallbackResponse.swift in Sources */ = {isa = PBXBuildFile; fileRef = 95AAE0FF240ADE8F00A2001A /* CallbackResponse.swift */; };
		95AAE102240AF43900A2001A /* Project.swift in Sources */ = {isa = PBXBuildFile; fileRef = 95AAE101240AF43900A2001A /* Project.swift */; };
		95AAE104240AF4D300A2001A /* ProjectStatus.swift in Sources */ = {isa = PBXBuildFile; fileRef = 95AAE103240AF4D300A2001A /* ProjectStatus.swift */; };
		95AAE106240AF53A00A2001A /* Platform.swift in Sources */ = {isa = PBXBuildFile; fileRef = 95AAE105240AF53A00A2001A /* Platform.swift */; };
		95AAE108240AF9AC00A2001A /* ProjectCell.swift in Sources */ = {isa = PBXBuildFile; fileRef = 95AAE107240AF9AC00A2001A /* ProjectCell.swift */; };
		95AAE10A240B01DA00A2001A /* Member.swift in Sources */ = {isa = PBXBuildFile; fileRef = 95AAE109240B01DA00A2001A /* Member.swift */; };
		95AAE10D240B07AC00A2001A /* ProjectView.swift in Sources */ = {isa = PBXBuildFile; fileRef = 95AAE10C240B07AC00A2001A /* ProjectView.swift */; };
		95AAE10F240B07B200A2001A /* ProjectViewModel.swift in Sources */ = {isa = PBXBuildFile; fileRef = 95AAE10E240B07B200A2001A /* ProjectViewModel.swift */; };
		95AAE111240B07B900A2001A /* ProjectViewController.swift in Sources */ = {isa = PBXBuildFile; fileRef = 95AAE110240B07B900A2001A /* ProjectViewController.swift */; };
		95AAE114240B083900A2001A /* ScreenCell.swift in Sources */ = {isa = PBXBuildFile; fileRef = 95AAE113240B083900A2001A /* ScreenCell.swift */; };
		95AAE116240B08BD00A2001A /* Screen.swift in Sources */ = {isa = PBXBuildFile; fileRef = 95AAE115240B08BD00A2001A /* Screen.swift */; };
		95AAE119240B08FE00A2001A /* Image.swift in Sources */ = {isa = PBXBuildFile; fileRef = 95AAE118240B08FE00A2001A /* Image.swift */; };
		95AAE11B240B094E00A2001A /* Section.swift in Sources */ = {isa = PBXBuildFile; fileRef = 95AAE11A240B094E00A2001A /* Section.swift */; };
		95AAE121240B151000A2001A /* ProjectEditBarView.swift in Sources */ = {isa = PBXBuildFile; fileRef = 95AAE120240B151000A2001A /* ProjectEditBarView.swift */; };
		95E30D95240DA4C40086A36D /* NotificationsView.swift in Sources */ = {isa = PBXBuildFile; fileRef = 95E30D94240DA4C40086A36D /* NotificationsView.swift */; };
		95E30D97240DA4CE0086A36D /* NotificationsViewModel.swift in Sources */ = {isa = PBXBuildFile; fileRef = 95E30D96240DA4CE0086A36D /* NotificationsViewModel.swift */; };
		95E30D99240DA4D80086A36D /* NotificationsViewController.swift in Sources */ = {isa = PBXBuildFile; fileRef = 95E30D98240DA4D80086A36D /* NotificationsViewController.swift */; };
		95E30D9B240DA5550086A36D /* NotificationsEmptyView.swift in Sources */ = {isa = PBXBuildFile; fileRef = 95E30D9A240DA5550086A36D /* NotificationsEmptyView.swift */; };
		95E30D9E240DAAC40086A36D /* ProfileView.swift in Sources */ = {isa = PBXBuildFile; fileRef = 95E30D9D240DAAC40086A36D /* ProfileView.swift */; };
		95E30DA0240DAAD70086A36D /* ProfileViewModel.swift in Sources */ = {isa = PBXBuildFile; fileRef = 95E30D9F240DAAD70086A36D /* ProfileViewModel.swift */; };
		95E30DA2240DAAFB0086A36D /* ProfileViewController.swift in Sources */ = {isa = PBXBuildFile; fileRef = 95E30DA1240DAAFB0086A36D /* ProfileViewController.swift */; };
		95E30DA6240E797E0086A36D /* ProjectsHeaderView.swift in Sources */ = {isa = PBXBuildFile; fileRef = 95E30DA5240E797E0086A36D /* ProjectsHeaderView.swift */; };
		95E30DAB240E7E600086A36D /* ProjectsSection.swift in Sources */ = {isa = PBXBuildFile; fileRef = 95E30DAA240E7E600086A36D /* ProjectsSection.swift */; };
		999F72DC24123F7700BD539F /* Colors.xcassets in Resources */ = {isa = PBXBuildFile; fileRef = 999F72DB24123F7700BD539F /* Colors.xcassets */; };
		999F72DF24123FE800BD539F /* Colors.swift in Sources */ = {isa = PBXBuildFile; fileRef = 999F72DE24123FE800BD539F /* Colors.swift */; };
		D39691038E204A0BD2C8DC46 /* Pods_zeplin.framework in Frameworks */ = {isa = PBXBuildFile; fileRef = 56DA18B879EA9930587ED778 /* Pods_zeplin.framework */; };
/* End PBXBuildFile section */

/* Begin PBXContainerItemProxy section */
		9566E25A2431029F00BF78AC /* PBXContainerItemProxy */ = {
			isa = PBXContainerItemProxy;
			containerPortal = 955B8545240A858000239894 /* Project object */;
			proxyType = 1;
			remoteGlobalIDString = 9566E2542431029F00BF78AC;
			remoteInfo = NotificationService;
		};
/* End PBXContainerItemProxy section */

/* Begin PBXCopyFilesBuildPhase section */
		952A0AA42449FCFC00D004BD /* Embed Frameworks */ = {
			isa = PBXCopyFilesBuildPhase;
			buildActionMask = 2147483647;
			dstPath = "";
			dstSubfolderSpec = 10;
			files = (
				952A0AA12449FCFB00D004BD /* ToolkitRxSwift in Embed Frameworks */,
			);
			name = "Embed Frameworks";
			runOnlyForDeploymentPostprocessing = 0;
		};
		9566E25D2431029F00BF78AC /* Embed App Extensions */ = {
			isa = PBXCopyFilesBuildPhase;
			buildActionMask = 2147483647;
			dstPath = "";
			dstSubfolderSpec = 13;
			files = (
				9566E25C2431029F00BF78AC /* NotificationService.appex in Embed App Extensions */,
			);
			name = "Embed App Extensions";
			runOnlyForDeploymentPostprocessing = 0;
		};
/* End PBXCopyFilesBuildPhase section */

/* Begin PBXFileReference section */
		080E7B37BD0305CAB9A7E174 /* Pods_NotificationService.framework */ = {isa = PBXFileReference; explicitFileType = wrapper.framework; includeInIndex = 0; path = Pods_NotificationService.framework; sourceTree = BUILT_PRODUCTS_DIR; };
		44BFB4149AB948228E55BE0C /* Pods-zeplin.debug.xcconfig */ = {isa = PBXFileReference; includeInIndex = 1; lastKnownFileType = text.xcconfig; name = "Pods-zeplin.debug.xcconfig"; path = "Target Support Files/Pods-zeplin/Pods-zeplin.debug.xcconfig"; sourceTree = "<group>"; };
		56DA18B879EA9930587ED778 /* Pods_zeplin.framework */ = {isa = PBXFileReference; explicitFileType = wrapper.framework; includeInIndex = 0; path = Pods_zeplin.framework; sourceTree = BUILT_PRODUCTS_DIR; };
		60B1683C46DBFA6BA8290F1A /* Pods-NotificationService.release.xcconfig */ = {isa = PBXFileReference; includeInIndex = 1; lastKnownFileType = text.xcconfig; name = "Pods-NotificationService.release.xcconfig"; path = "Target Support Files/Pods-NotificationService/Pods-NotificationService.release.xcconfig"; sourceTree = "<group>"; };
		7020DC1D485FC491DC670291 /* Pods-NotificationService.debug.xcconfig */ = {isa = PBXFileReference; includeInIndex = 1; lastKnownFileType = text.xcconfig; name = "Pods-NotificationService.debug.xcconfig"; path = "Target Support Files/Pods-NotificationService/Pods-NotificationService.debug.xcconfig"; sourceTree = "<group>"; };
		78324987ADF4751DAC07532E /* Pods-zeplin.release.xcconfig */ = {isa = PBXFileReference; includeInIndex = 1; lastKnownFileType = text.xcconfig; name = "Pods-zeplin.release.xcconfig"; path = "Target Support Files/Pods-zeplin/Pods-zeplin.release.xcconfig"; sourceTree = "<group>"; };
		952A0A9C2449FCD300D004BD /* AppFlow.swift */ = {isa = PBXFileReference; lastKnownFileType = sourcecode.swift; path = AppFlow.swift; sourceTree = "<group>"; };
		952A0AA62449FD1F00D004BD /* AppSteps.swift */ = {isa = PBXFileReference; lastKnownFileType = sourcecode.swift; path = AppSteps.swift; sourceTree = "<group>"; };
		952A0AA92449FD9F00D004BD /* AppServices.swift */ = {isa = PBXFileReference; lastKnownFileType = sourcecode.swift; path = AppServices.swift; sourceTree = "<group>"; };
		952A0AAB2449FDAD00D004BD /* PreferenceService.swift */ = {isa = PBXFileReference; lastKnownFileType = sourcecode.swift; path = PreferenceService.swift; sourceTree = "<group>"; };
		952A0AAD2449FE1800D004BD /* SplashFlow.swift */ = {isa = PBXFileReference; lastKnownFileType = sourcecode.swift; path = SplashFlow.swift; sourceTree = "<group>"; };
		952A0AAF2449FED900D004BD /* ZeplinService.swift */ = {isa = PBXFileReference; lastKnownFileType = sourcecode.swift; path = ZeplinService.swift; sourceTree = "<group>"; };
		952A0AB1244A015400D004BD /* SplashViewController.swift */ = {isa = PBXFileReference; lastKnownFileType = sourcecode.swift; path = SplashViewController.swift; sourceTree = "<group>"; };
		952A0AB3244A029900D004BD /* LoadingView.swift */ = {isa = PBXFileReference; lastKnownFileType = sourcecode.swift; path = LoadingView.swift; sourceTree = "<group>"; };
		952A0AB5244A05A700D004BD /* ProfileSteps.swift */ = {isa = PBXFileReference; lastKnownFileType = sourcecode.swift; path = ProfileSteps.swift; sourceTree = "<group>"; };
		952A0AB7244A060400D004BD /* AppConfig.swift */ = {isa = PBXFileReference; lastKnownFileType = sourcecode.swift; path = AppConfig.swift; sourceTree = "<group>"; };
		952A0AB9244A0E5A00D004BD /* ProjectsFlow.swift */ = {isa = PBXFileReference; lastKnownFileType = sourcecode.swift; path = ProjectsFlow.swift; sourceTree = "<group>"; };
		952A0ABB244A0EC200D004BD /* ProjectsSteps.swift */ = {isa = PBXFileReference; lastKnownFileType = sourcecode.swift; path = ProjectsSteps.swift; sourceTree = "<group>"; };
		952A0ABD244A0F9100D004BD /* LoginFlow.swift */ = {isa = PBXFileReference; lastKnownFileType = sourcecode.swift; path = LoginFlow.swift; sourceTree = "<group>"; };
		952A0ABF244A0FBD00D004BD /* LoginSteps.swift */ = {isa = PBXFileReference; lastKnownFileType = sourcecode.swift; path = LoginSteps.swift; sourceTree = "<group>"; };
		952A0AC1244A108600D004BD /* SplashViewModel.swift */ = {isa = PBXFileReference; lastKnownFileType = sourcecode.swift; path = SplashViewModel.swift; sourceTree = "<group>"; };
		952A0AC3244A528B00D004BD /* ProfileFlow.swift */ = {isa = PBXFileReference; lastKnownFileType = sourcecode.swift; path = ProfileFlow.swift; sourceTree = "<group>"; };
		952A0AC5244A643A00D004BD /* WebLoginFlow.swift */ = {isa = PBXFileReference; lastKnownFileType = sourcecode.swift; path = WebLoginFlow.swift; sourceTree = "<group>"; };
		952A0AC7244A646C00D004BD /* WebLoginSteps.swift */ = {isa = PBXFileReference; lastKnownFileType = sourcecode.swift; path = WebLoginSteps.swift; sourceTree = "<group>"; };
		952A0AC9244A688A00D004BD /* UIViewController+Extensions.swift */ = {isa = PBXFileReference; lastKnownFileType = sourcecode.swift; path = "UIViewController+Extensions.swift"; sourceTree = "<group>"; };
		953C0721240E99620071842A /* ProjectsArchivedHeaderView.swift */ = {isa = PBXFileReference; lastKnownFileType = sourcecode.swift; path = ProjectsArchivedHeaderView.swift; sourceTree = "<group>"; };
		953C072B240F85BA0071842A /* loading-animation.json */ = {isa = PBXFileReference; fileEncoding = 4; lastKnownFileType = text.json; path = "loading-animation.json"; sourceTree = "<group>"; };
		953C072D240F8A5C0071842A /* ScreenSection.swift */ = {isa = PBXFileReference; lastKnownFileType = sourcecode.swift; path = ScreenSection.swift; sourceTree = "<group>"; };
		953C072F240FAB120071842A /* ScreenSectionHeaderView.swift */ = {isa = PBXFileReference; lastKnownFileType = sourcecode.swift; path = ScreenSectionHeaderView.swift; sourceTree = "<group>"; };
		953C0731240FDA910071842A /* ScreenView.swift */ = {isa = PBXFileReference; lastKnownFileType = sourcecode.swift; path = ScreenView.swift; sourceTree = "<group>"; };
		953C0733240FDA970071842A /* ScreenViewModel.swift */ = {isa = PBXFileReference; lastKnownFileType = sourcecode.swift; path = ScreenViewModel.swift; sourceTree = "<group>"; };
		953C0735240FDA9F0071842A /* ScreenViewController.swift */ = {isa = PBXFileReference; lastKnownFileType = sourcecode.swift; path = ScreenViewController.swift; sourceTree = "<group>"; };
		953C07392410554C0071842A /* NotificationsComingSoonView.swift */ = {isa = PBXFileReference; lastKnownFileType = sourcecode.swift; path = NotificationsComingSoonView.swift; sourceTree = "<group>"; };
		955B854D240A858000239894 /* Zeplin.app */ = {isa = PBXFileReference; explicitFileType = wrapper.application; includeInIndex = 0; path = Zeplin.app; sourceTree = BUILT_PRODUCTS_DIR; };
		955B8550240A858000239894 /* AppDelegate.swift */ = {isa = PBXFileReference; lastKnownFileType = sourcecode.swift; path = AppDelegate.swift; sourceTree = "<group>"; };
		955B8559240A858200239894 /* Assets.xcassets */ = {isa = PBXFileReference; lastKnownFileType = folder.assetcatalog; path = Assets.xcassets; sourceTree = "<group>"; };
		955B855C240A858200239894 /* Base */ = {isa = PBXFileReference; lastKnownFileType = file.storyboard; name = Base; path = Base.lproj/LaunchScreen.storyboard; sourceTree = "<group>"; };
		955B855E240A858200239894 /* Info.plist */ = {isa = PBXFileReference; lastKnownFileType = text.plist.xml; path = Info.plist; sourceTree = "<group>"; };
		955B8575240A86BE00239894 /* SplashView.swift */ = {isa = PBXFileReference; fileEncoding = 4; lastKnownFileType = sourcecode.swift; path = SplashView.swift; sourceTree = "<group>"; };
		955B8583240A86CB00239894 /* LoginView.swift */ = {isa = PBXFileReference; lastKnownFileType = sourcecode.swift; path = LoginView.swift; sourceTree = "<group>"; };
		955B8585240A86E400239894 /* LoginViewModel.swift */ = {isa = PBXFileReference; lastKnownFileType = sourcecode.swift; path = LoginViewModel.swift; sourceTree = "<group>"; };
		955B8587240A870500239894 /* LoginViewController.swift */ = {isa = PBXFileReference; lastKnownFileType = sourcecode.swift; path = LoginViewController.swift; sourceTree = "<group>"; };
		955B858E240A874800239894 /* Extensions.swift */ = {isa = PBXFileReference; fileEncoding = 4; lastKnownFileType = sourcecode.swift; path = Extensions.swift; sourceTree = "<group>"; };
		955B859C240A8E6700239894 /* ProjectsView.swift */ = {isa = PBXFileReference; lastKnownFileType = sourcecode.swift; path = ProjectsView.swift; sourceTree = "<group>"; };
		955B859E240A8E8200239894 /* ProjectsViewModel.swift */ = {isa = PBXFileReference; lastKnownFileType = sourcecode.swift; path = ProjectsViewModel.swift; sourceTree = "<group>"; };
		955B85A0240A8E9700239894 /* ProjectsViewController.swift */ = {isa = PBXFileReference; lastKnownFileType = sourcecode.swift; path = ProjectsViewController.swift; sourceTree = "<group>"; };
		955B85A2240A965800239894 /* ProjectsEmptyView.swift */ = {isa = PBXFileReference; lastKnownFileType = sourcecode.swift; path = ProjectsEmptyView.swift; sourceTree = "<group>"; };
		955B85A4240AC69C00239894 /* LoginWebViewController.swift */ = {isa = PBXFileReference; lastKnownFileType = sourcecode.swift; path = LoginWebViewController.swift; sourceTree = "<group>"; };
		955B85A9240AC73F00239894 /* LoginWebView.swift */ = {isa = PBXFileReference; lastKnownFileType = sourcecode.swift; path = LoginWebView.swift; sourceTree = "<group>"; };
		955B85AB240AC75400239894 /* LoginWebViewModel.swift */ = {isa = PBXFileReference; lastKnownFileType = sourcecode.swift; path = LoginWebViewModel.swift; sourceTree = "<group>"; };
		9566E2552431029F00BF78AC /* NotificationService.appex */ = {isa = PBXFileReference; explicitFileType = "wrapper.app-extension"; includeInIndex = 0; path = NotificationService.appex; sourceTree = BUILT_PRODUCTS_DIR; };
		9566E2572431029F00BF78AC /* NotificationService.swift */ = {isa = PBXFileReference; lastKnownFileType = sourcecode.swift; path = NotificationService.swift; sourceTree = "<group>"; };
		9566E2592431029F00BF78AC /* Info.plist */ = {isa = PBXFileReference; lastKnownFileType = text.plist.xml; path = Info.plist; sourceTree = "<group>"; };
		9566E262243103B800BF78AC /* OneSignal.framework */ = {isa = PBXFileReference; lastKnownFileType = wrapper.framework; name = OneSignal.framework; path = Carthage/Build/iOS/OneSignal.framework; sourceTree = "<group>"; };
		9566E26B2431051600BF78AC /* Zeplin.entitlements */ = {isa = PBXFileReference; lastKnownFileType = text.plist.entitlements; path = Zeplin.entitlements; sourceTree = "<group>"; };
		9566E2712431192400BF78AC /* ZeplinProvider.swift */ = {isa = PBXFileReference; lastKnownFileType = sourcecode.swift; path = ZeplinProvider.swift; sourceTree = "<group>"; };
		95AAE0FD240ADE4100A2001A /* User.swift */ = {isa = PBXFileReference; lastKnownFileType = sourcecode.swift; path = User.swift; sourceTree = "<group>"; };
		95AAE0FF240ADE8F00A2001A /* CallbackResponse.swift */ = {isa = PBXFileReference; lastKnownFileType = sourcecode.swift; path = CallbackResponse.swift; sourceTree = "<group>"; };
		95AAE101240AF43900A2001A /* Project.swift */ = {isa = PBXFileReference; lastKnownFileType = sourcecode.swift; path = Project.swift; sourceTree = "<group>"; };
		95AAE103240AF4D300A2001A /* ProjectStatus.swift */ = {isa = PBXFileReference; lastKnownFileType = sourcecode.swift; path = ProjectStatus.swift; sourceTree = "<group>"; };
		95AAE105240AF53A00A2001A /* Platform.swift */ = {isa = PBXFileReference; lastKnownFileType = sourcecode.swift; path = Platform.swift; sourceTree = "<group>"; };
		95AAE107240AF9AC00A2001A /* ProjectCell.swift */ = {isa = PBXFileReference; lastKnownFileType = sourcecode.swift; path = ProjectCell.swift; sourceTree = "<group>"; };
		95AAE109240B01DA00A2001A /* Member.swift */ = {isa = PBXFileReference; lastKnownFileType = sourcecode.swift; path = Member.swift; sourceTree = "<group>"; };
		95AAE10C240B07AC00A2001A /* ProjectView.swift */ = {isa = PBXFileReference; lastKnownFileType = sourcecode.swift; path = ProjectView.swift; sourceTree = "<group>"; };
		95AAE10E240B07B200A2001A /* ProjectViewModel.swift */ = {isa = PBXFileReference; lastKnownFileType = sourcecode.swift; path = ProjectViewModel.swift; sourceTree = "<group>"; };
		95AAE110240B07B900A2001A /* ProjectViewController.swift */ = {isa = PBXFileReference; lastKnownFileType = sourcecode.swift; path = ProjectViewController.swift; sourceTree = "<group>"; };
		95AAE113240B083900A2001A /* ScreenCell.swift */ = {isa = PBXFileReference; lastKnownFileType = sourcecode.swift; path = ScreenCell.swift; sourceTree = "<group>"; };
		95AAE115240B08BD00A2001A /* Screen.swift */ = {isa = PBXFileReference; lastKnownFileType = sourcecode.swift; path = Screen.swift; sourceTree = "<group>"; };
		95AAE118240B08FE00A2001A /* Image.swift */ = {isa = PBXFileReference; lastKnownFileType = sourcecode.swift; path = Image.swift; sourceTree = "<group>"; };
		95AAE11A240B094E00A2001A /* Section.swift */ = {isa = PBXFileReference; lastKnownFileType = sourcecode.swift; path = Section.swift; sourceTree = "<group>"; };
		95AAE120240B151000A2001A /* ProjectEditBarView.swift */ = {isa = PBXFileReference; lastKnownFileType = sourcecode.swift; path = ProjectEditBarView.swift; sourceTree = "<group>"; };
		95E30D94240DA4C40086A36D /* NotificationsView.swift */ = {isa = PBXFileReference; lastKnownFileType = sourcecode.swift; path = NotificationsView.swift; sourceTree = "<group>"; };
		95E30D96240DA4CE0086A36D /* NotificationsViewModel.swift */ = {isa = PBXFileReference; lastKnownFileType = sourcecode.swift; path = NotificationsViewModel.swift; sourceTree = "<group>"; };
		95E30D98240DA4D80086A36D /* NotificationsViewController.swift */ = {isa = PBXFileReference; lastKnownFileType = sourcecode.swift; path = NotificationsViewController.swift; sourceTree = "<group>"; };
		95E30D9A240DA5550086A36D /* NotificationsEmptyView.swift */ = {isa = PBXFileReference; lastKnownFileType = sourcecode.swift; path = NotificationsEmptyView.swift; sourceTree = "<group>"; };
		95E30D9D240DAAC40086A36D /* ProfileView.swift */ = {isa = PBXFileReference; lastKnownFileType = sourcecode.swift; path = ProfileView.swift; sourceTree = "<group>"; };
		95E30D9F240DAAD70086A36D /* ProfileViewModel.swift */ = {isa = PBXFileReference; lastKnownFileType = sourcecode.swift; path = ProfileViewModel.swift; sourceTree = "<group>"; };
		95E30DA1240DAAFB0086A36D /* ProfileViewController.swift */ = {isa = PBXFileReference; lastKnownFileType = sourcecode.swift; path = ProfileViewController.swift; sourceTree = "<group>"; };
		95E30DA5240E797E0086A36D /* ProjectsHeaderView.swift */ = {isa = PBXFileReference; lastKnownFileType = sourcecode.swift; path = ProjectsHeaderView.swift; sourceTree = "<group>"; };
		95E30DAA240E7E600086A36D /* ProjectsSection.swift */ = {isa = PBXFileReference; lastKnownFileType = sourcecode.swift; path = ProjectsSection.swift; sourceTree = "<group>"; };
		999F72DB24123F7700BD539F /* Colors.xcassets */ = {isa = PBXFileReference; lastKnownFileType = folder.assetcatalog; path = Colors.xcassets; sourceTree = "<group>"; };
		999F72DE24123FE800BD539F /* Colors.swift */ = {isa = PBXFileReference; lastKnownFileType = sourcecode.swift; path = Colors.swift; sourceTree = "<group>"; };
/* End PBXFileReference section */

/* Begin PBXFrameworksBuildPhase section */
		955B854A240A858000239894 /* Frameworks */ = {
			isa = PBXFrameworksBuildPhase;
			buildActionMask = 2147483647;
			files = (
				952A0AD9244B491400D004BD /* Sentry in Frameworks */,
				952A0ACD244A690300D004BD /* SwiftEntryKit in Frameworks */,
				955B859A240A880C00239894 /* Kingfisher in Frameworks */,
				D39691038E204A0BD2C8DC46 /* Pods_zeplin.framework in Frameworks */,
				952A0AA02449FCFB00D004BD /* ToolkitRxSwift in Frameworks */,
			);
			runOnlyForDeploymentPostprocessing = 0;
		};
		9566E2522431029F00BF78AC /* Frameworks */ = {
			isa = PBXFrameworksBuildPhase;
			buildActionMask = 2147483647;
			files = (
				243F4D298C9460566B574229 /* Pods_NotificationService.framework in Frameworks */,
			);
			runOnlyForDeploymentPostprocessing = 0;
		};
/* End PBXFrameworksBuildPhase section */

/* Begin PBXGroup section */
		6DA63BEB96F351ABC83CB89F /* Pods */ = {
			isa = PBXGroup;
			children = (
				7020DC1D485FC491DC670291 /* Pods-NotificationService.debug.xcconfig */,
				60B1683C46DBFA6BA8290F1A /* Pods-NotificationService.release.xcconfig */,
				44BFB4149AB948228E55BE0C /* Pods-zeplin.debug.xcconfig */,
				78324987ADF4751DAC07532E /* Pods-zeplin.release.xcconfig */,
			);
			path = Pods;
			sourceTree = "<group>";
		};
		952A0A9B2449FCBB00D004BD /* Flows */ = {
			isa = PBXGroup;
			children = (
				952A0A9C2449FCD300D004BD /* AppFlow.swift */,
				952A0AAD2449FE1800D004BD /* SplashFlow.swift */,
				952A0AB9244A0E5A00D004BD /* ProjectsFlow.swift */,
				952A0ABD244A0F9100D004BD /* LoginFlow.swift */,
				952A0AC3244A528B00D004BD /* ProfileFlow.swift */,
				952A0AC5244A643A00D004BD /* WebLoginFlow.swift */,
			);
			path = Flows;
			sourceTree = "<group>";
		};
		952A0AA52449FD1400D004BD /* Steps */ = {
			isa = PBXGroup;
			children = (
				952A0AA62449FD1F00D004BD /* AppSteps.swift */,
				952A0AB5244A05A700D004BD /* ProfileSteps.swift */,
				952A0ABB244A0EC200D004BD /* ProjectsSteps.swift */,
				952A0ABF244A0FBD00D004BD /* LoginSteps.swift */,
				952A0AC7244A646C00D004BD /* WebLoginSteps.swift */,
			);
			path = Steps;
			sourceTree = "<group>";
		};
		952A0AA82449FD8100D004BD /* Services */ = {
			isa = PBXGroup;
			children = (
				952A0AA92449FD9F00D004BD /* AppServices.swift */,
				952A0AAB2449FDAD00D004BD /* PreferenceService.swift */,
				952A0AAF2449FED900D004BD /* ZeplinService.swift */,
				9566E2712431192400BF78AC /* ZeplinProvider.swift */,
			);
			path = Services;
			sourceTree = "<group>";
		};
		955B8544240A858000239894 = {
			isa = PBXGroup;
			children = (
				955B854F240A858000239894 /* zeplin */,
				9566E2562431029F00BF78AC /* NotificationService */,
				955B854E240A858000239894 /* Products */,
				9566E261243103B800BF78AC /* Frameworks */,
				6DA63BEB96F351ABC83CB89F /* Pods */,
			);
			sourceTree = "<group>";
		};
		955B854E240A858000239894 /* Products */ = {
			isa = PBXGroup;
			children = (
				955B854D240A858000239894 /* Zeplin.app */,
				9566E2552431029F00BF78AC /* NotificationService.appex */,
			);
			name = Products;
			sourceTree = "<group>";
		};
		955B854F240A858000239894 /* zeplin */ = {
			isa = PBXGroup;
			children = (
				952A0AA82449FD8100D004BD /* Services */,
				952A0AA52449FD1400D004BD /* Steps */,
				952A0A9B2449FCBB00D004BD /* Flows */,
				955B8550240A858000239894 /* AppDelegate.swift */,
				999F72DD24123FD700BD539F /* Helpers */,
				955B855E240A858200239894 /* Info.plist */,
				955B855B240A858200239894 /* LaunchScreen.storyboard */,
				95AAE0FC240ADE3200A2001A /* Models */,
				999F72DA24123F6400BD539F /* Resources */,
				955B8589240A873500239894 /* Shared */,
				955B8569240A86A300239894 /* Sources */,
				9566E26B2431051600BF78AC /* Zeplin.entitlements */,
				952A0AB7244A060400D004BD /* AppConfig.swift */,
			);
			path = zeplin;
			sourceTree = "<group>";
		};
		955B8569240A86A300239894 /* Sources */ = {
			isa = PBXGroup;
			children = (
				955B8582240A86C400239894 /* Login */,
				955B85A8240AC72900239894 /* LoginWebView */,
				95E30D93240DA4BA0086A36D /* Notifications */,
				95E30D9C240DAAB60086A36D /* Profile */,
				95AAE10B240B079D00A2001A /* Project */,
				955B859B240A8E5A00239894 /* Projects */,
				95AAE112240B082F00A2001A /* Screen */,
				955B8572240A86BE00239894 /* Splash */,
			);
			path = Sources;
			sourceTree = "<group>";
		};
		955B8572240A86BE00239894 /* Splash */ = {
			isa = PBXGroup;
			children = (
				955B8575240A86BE00239894 /* SplashView.swift */,
				952A0AB1244A015400D004BD /* SplashViewController.swift */,
				952A0AC1244A108600D004BD /* SplashViewModel.swift */,
			);
			path = Splash;
			sourceTree = "<group>";
		};
		955B8582240A86C400239894 /* Login */ = {
			isa = PBXGroup;
			children = (
				955B8583240A86CB00239894 /* LoginView.swift */,
				955B8585240A86E400239894 /* LoginViewModel.swift */,
				955B8587240A870500239894 /* LoginViewController.swift */,
			);
			path = Login;
			sourceTree = "<group>";
		};
		955B8589240A873500239894 /* Shared */ = {
			isa = PBXGroup;
			children = (
				955B858E240A874800239894 /* Extensions.swift */,
				953C072B240F85BA0071842A /* loading-animation.json */,
				952A0AB3244A029900D004BD /* LoadingView.swift */,
				952A0AC9244A688A00D004BD /* UIViewController+Extensions.swift */,
			);
			path = Shared;
			sourceTree = "<group>";
		};
		955B859B240A8E5A00239894 /* Projects */ = {
			isa = PBXGroup;
			children = (
				95AAE107240AF9AC00A2001A /* ProjectCell.swift */,
				953C0721240E99620071842A /* ProjectsArchivedHeaderView.swift */,
				955B85A2240A965800239894 /* ProjectsEmptyView.swift */,
				95E30DA5240E797E0086A36D /* ProjectsHeaderView.swift */,
				955B859C240A8E6700239894 /* ProjectsView.swift */,
				955B85A0240A8E9700239894 /* ProjectsViewController.swift */,
				955B859E240A8E8200239894 /* ProjectsViewModel.swift */,
			);
			path = Projects;
			sourceTree = "<group>";
		};
		955B85A8240AC72900239894 /* LoginWebView */ = {
			isa = PBXGroup;
			children = (
				955B85A9240AC73F00239894 /* LoginWebView.swift */,
				955B85A4240AC69C00239894 /* LoginWebViewController.swift */,
				955B85AB240AC75400239894 /* LoginWebViewModel.swift */,
			);
			path = LoginWebView;
			sourceTree = "<group>";
		};
		9566E2562431029F00BF78AC /* NotificationService */ = {
			isa = PBXGroup;
			children = (
				9566E2572431029F00BF78AC /* NotificationService.swift */,
				9566E2592431029F00BF78AC /* Info.plist */,
			);
			path = NotificationService;
			sourceTree = "<group>";
		};
		9566E261243103B800BF78AC /* Frameworks */ = {
			isa = PBXGroup;
			children = (
				9566E262243103B800BF78AC /* OneSignal.framework */,
				080E7B37BD0305CAB9A7E174 /* Pods_NotificationService.framework */,
				56DA18B879EA9930587ED778 /* Pods_zeplin.framework */,
			);
			name = Frameworks;
			sourceTree = "<group>";
		};
		95AAE0FC240ADE3200A2001A /* Models */ = {
			isa = PBXGroup;
			children = (
				95AAE0FF240ADE8F00A2001A /* CallbackResponse.swift */,
				95AAE118240B08FE00A2001A /* Image.swift */,
				95AAE109240B01DA00A2001A /* Member.swift */,
				95AAE105240AF53A00A2001A /* Platform.swift */,
				95AAE101240AF43900A2001A /* Project.swift */,
				95E30DAA240E7E600086A36D /* ProjectsSection.swift */,
				95AAE103240AF4D300A2001A /* ProjectStatus.swift */,
				95AAE115240B08BD00A2001A /* Screen.swift */,
				953C072D240F8A5C0071842A /* ScreenSection.swift */,
				95AAE11A240B094E00A2001A /* Section.swift */,
				95AAE0FD240ADE4100A2001A /* User.swift */,
			);
			path = Models;
			sourceTree = "<group>";
		};
		95AAE10B240B079D00A2001A /* Project */ = {
			isa = PBXGroup;
			children = (
				95AAE120240B151000A2001A /* ProjectEditBarView.swift */,
				95AAE10C240B07AC00A2001A /* ProjectView.swift */,
				95AAE110240B07B900A2001A /* ProjectViewController.swift */,
				95AAE10E240B07B200A2001A /* ProjectViewModel.swift */,
			);
			path = Project;
			sourceTree = "<group>";
		};
		95AAE112240B082F00A2001A /* Screen */ = {
			isa = PBXGroup;
			children = (
				95AAE113240B083900A2001A /* ScreenCell.swift */,
				953C072F240FAB120071842A /* ScreenSectionHeaderView.swift */,
				953C0731240FDA910071842A /* ScreenView.swift */,
				953C0735240FDA9F0071842A /* ScreenViewController.swift */,
				953C0733240FDA970071842A /* ScreenViewModel.swift */,
			);
			path = Screen;
			sourceTree = "<group>";
		};
		95E30D93240DA4BA0086A36D /* Notifications */ = {
			isa = PBXGroup;
			children = (
				95E30D9A240DA5550086A36D /* NotificationsEmptyView.swift */,
				95E30D94240DA4C40086A36D /* NotificationsView.swift */,
				95E30D98240DA4D80086A36D /* NotificationsViewController.swift */,
				95E30D96240DA4CE0086A36D /* NotificationsViewModel.swift */,
				953C07392410554C0071842A /* NotificationsComingSoonView.swift */,
			);
			path = Notifications;
			sourceTree = "<group>";
		};
		95E30D9C240DAAB60086A36D /* Profile */ = {
			isa = PBXGroup;
			children = (
				95E30D9D240DAAC40086A36D /* ProfileView.swift */,
				95E30D9F240DAAD70086A36D /* ProfileViewModel.swift */,
				95E30DA1240DAAFB0086A36D /* ProfileViewController.swift */,
			);
			path = Profile;
			sourceTree = "<group>";
		};
		999F72DA24123F6400BD539F /* Resources */ = {
			isa = PBXGroup;
			children = (
				955B8559240A858200239894 /* Assets.xcassets */,
				999F72DB24123F7700BD539F /* Colors.xcassets */,
			);
			path = Resources;
			sourceTree = "<group>";
		};
		999F72DD24123FD700BD539F /* Helpers */ = {
			isa = PBXGroup;
			children = (
				999F72DE24123FE800BD539F /* Colors.swift */,
			);
			path = Helpers;
			sourceTree = "<group>";
		};
/* End PBXGroup section */

/* Begin PBXNativeTarget section */
		955B854C240A858000239894 /* zeplin */ = {
			isa = PBXNativeTarget;
			buildConfigurationList = 955B8561240A858200239894 /* Build configuration list for PBXNativeTarget "zeplin" */;
			buildPhases = (
				63FCE1F43BB08181CBDBB8BC /* [CP] Check Pods Manifest.lock */,
				955B8549240A858000239894 /* Sources */,
				955B854A240A858000239894 /* Frameworks */,
				955B854B240A858000239894 /* Resources */,
				9566E25D2431029F00BF78AC /* Embed App Extensions */,
				952A0AA42449FCFC00D004BD /* Embed Frameworks */,
			);
			buildRules = (
			);
			dependencies = (
				9566E25B2431029F00BF78AC /* PBXTargetDependency */,
			);
			name = zeplin;
			packageProductDependencies = (
				955B8599240A880C00239894 /* Kingfisher */,
				952A0A9F2449FCFB00D004BD /* ToolkitRxSwift */,
				952A0ACC244A690300D004BD /* SwiftEntryKit */,
				952A0AD8244B491400D004BD /* Sentry */,
			);
			productName = zeplin;
			productReference = 955B854D240A858000239894 /* Zeplin.app */;
			productType = "com.apple.product-type.application";
		};
		9566E2542431029F00BF78AC /* NotificationService */ = {
			isa = PBXNativeTarget;
			buildConfigurationList = 9566E2602431029F00BF78AC /* Build configuration list for PBXNativeTarget "NotificationService" */;
			buildPhases = (
				6EA56218EE8A32FE9276416D /* [CP] Check Pods Manifest.lock */,
				9566E2512431029F00BF78AC /* Sources */,
				9566E2522431029F00BF78AC /* Frameworks */,
				9566E2532431029F00BF78AC /* Resources */,
			);
			buildRules = (
			);
			dependencies = (
			);
			name = NotificationService;
			productName = NotificationService;
			productReference = 9566E2552431029F00BF78AC /* NotificationService.appex */;
			productType = "com.apple.product-type.app-extension";
		};
/* End PBXNativeTarget section */

/* Begin PBXProject section */
		955B8545240A858000239894 /* Project object */ = {
			isa = PBXProject;
			attributes = {
				LastSwiftUpdateCheck = 1140;
				LastUpgradeCheck = 1130;
				ORGANIZATIONNAME = "Yagiz Nizipli";
				TargetAttributes = {
					955B854C240A858000239894 = {
						CreatedOnToolsVersion = 11.3.1;
					};
					9566E2542431029F00BF78AC = {
						CreatedOnToolsVersion = 11.4;
					};
				};
			};
			buildConfigurationList = 955B8548240A858000239894 /* Build configuration list for PBXProject "zeplin" */;
			compatibilityVersion = "Xcode 9.3";
			developmentRegion = en;
			hasScannedForEncodings = 0;
			knownRegions = (
				en,
				Base,
			);
			mainGroup = 955B8544240A858000239894;
			packageReferences = (
				955B8598240A880C00239894 /* XCRemoteSwiftPackageReference "Kingfisher" */,
				952A0A9E2449FCFB00D004BD /* XCRemoteSwiftPackageReference "toolkit" */,
				952A0ACB244A690300D004BD /* XCRemoteSwiftPackageReference "SwiftEntryKit" */,
				952A0AD7244B491400D004BD /* XCRemoteSwiftPackageReference "sentry-cocoa" */,
			);
			productRefGroup = 955B854E240A858000239894 /* Products */;
			projectDirPath = "";
			projectRoot = "";
			targets = (
				955B854C240A858000239894 /* zeplin */,
				9566E2542431029F00BF78AC /* NotificationService */,
			);
		};
/* End PBXProject section */

/* Begin PBXResourcesBuildPhase section */
		955B854B240A858000239894 /* Resources */ = {
			isa = PBXResourcesBuildPhase;
			buildActionMask = 2147483647;
			files = (
				955B855D240A858200239894 /* LaunchScreen.storyboard in Resources */,
				999F72DC24123F7700BD539F /* Colors.xcassets in Resources */,
				955B855A240A858200239894 /* Assets.xcassets in Resources */,
				953C072C240F85BA0071842A /* loading-animation.json in Resources */,
			);
			runOnlyForDeploymentPostprocessing = 0;
		};
		9566E2532431029F00BF78AC /* Resources */ = {
			isa = PBXResourcesBuildPhase;
			buildActionMask = 2147483647;
			files = (
			);
			runOnlyForDeploymentPostprocessing = 0;
		};
/* End PBXResourcesBuildPhase section */

/* Begin PBXShellScriptBuildPhase section */
		63FCE1F43BB08181CBDBB8BC /* [CP] Check Pods Manifest.lock */ = {
			isa = PBXShellScriptBuildPhase;
			buildActionMask = 2147483647;
			files = (
			);
			inputFileListPaths = (
			);
			inputPaths = (
				"${PODS_PODFILE_DIR_PATH}/Podfile.lock",
				"${PODS_ROOT}/Manifest.lock",
			);
			name = "[CP] Check Pods Manifest.lock";
			outputFileListPaths = (
			);
			outputPaths = (
				"$(DERIVED_FILE_DIR)/Pods-zeplin-checkManifestLockResult.txt",
			);
			runOnlyForDeploymentPostprocessing = 0;
			shellPath = /bin/sh;
			shellScript = "diff \"${PODS_PODFILE_DIR_PATH}/Podfile.lock\" \"${PODS_ROOT}/Manifest.lock\" > /dev/null\nif [ $? != 0 ] ; then\n    # print error to STDERR\n    echo \"error: The sandbox is not in sync with the Podfile.lock. Run 'pod install' or update your CocoaPods installation.\" >&2\n    exit 1\nfi\n# This output is used by Xcode 'outputs' to avoid re-running this script phase.\necho \"SUCCESS\" > \"${SCRIPT_OUTPUT_FILE_0}\"\n";
			showEnvVarsInLog = 0;
		};
		6EA56218EE8A32FE9276416D /* [CP] Check Pods Manifest.lock */ = {
			isa = PBXShellScriptBuildPhase;
			buildActionMask = 2147483647;
			files = (
			);
			inputFileListPaths = (
			);
			inputPaths = (
				"${PODS_PODFILE_DIR_PATH}/Podfile.lock",
				"${PODS_ROOT}/Manifest.lock",
			);
			name = "[CP] Check Pods Manifest.lock";
			outputFileListPaths = (
			);
			outputPaths = (
				"$(DERIVED_FILE_DIR)/Pods-NotificationService-checkManifestLockResult.txt",
			);
			runOnlyForDeploymentPostprocessing = 0;
			shellPath = /bin/sh;
			shellScript = "diff \"${PODS_PODFILE_DIR_PATH}/Podfile.lock\" \"${PODS_ROOT}/Manifest.lock\" > /dev/null\nif [ $? != 0 ] ; then\n    # print error to STDERR\n    echo \"error: The sandbox is not in sync with the Podfile.lock. Run 'pod install' or update your CocoaPods installation.\" >&2\n    exit 1\nfi\n# This output is used by Xcode 'outputs' to avoid re-running this script phase.\necho \"SUCCESS\" > \"${SCRIPT_OUTPUT_FILE_0}\"\n";
			showEnvVarsInLog = 0;
		};
/* End PBXShellScriptBuildPhase section */

/* Begin PBXSourcesBuildPhase section */
		955B8549240A858000239894 /* Sources */ = {
			isa = PBXSourcesBuildPhase;
			buildActionMask = 2147483647;
			files = (
				955B8551240A858000239894 /* AppDelegate.swift in Sources */,
				952A0A9D2449FCD300D004BD /* AppFlow.swift in Sources */,
				952A0ACA244A688A00D004BD /* UIViewController+Extensions.swift in Sources */,
				952A0AC6244A643A00D004BD /* WebLoginFlow.swift in Sources */,
				953C0734240FDA970071842A /* ScreenViewModel.swift in Sources */,
				955B859F240A8E8200239894 /* ProjectsViewModel.swift in Sources */,
				95E30D99240DA4D80086A36D /* NotificationsViewController.swift in Sources */,
				95AAE10F240B07B200A2001A /* ProjectViewModel.swift in Sources */,
				95E30DAB240E7E600086A36D /* ProjectsSection.swift in Sources */,
				952A0AC0244A0FBD00D004BD /* LoginSteps.swift in Sources */,
				95E30DA0240DAAD70086A36D /* ProfileViewModel.swift in Sources */,
				953C0722240E99620071842A /* ProjectsArchivedHeaderView.swift in Sources */,
				95AAE10A240B01DA00A2001A /* Member.swift in Sources */,
				953C0730240FAB120071842A /* ScreenSectionHeaderView.swift in Sources */,
				955B8580240A86BE00239894 /* SplashView.swift in Sources */,
				95E30D97240DA4CE0086A36D /* NotificationsViewModel.swift in Sources */,
				95E30DA6240E797E0086A36D /* ProjectsHeaderView.swift in Sources */,
				95AAE116240B08BD00A2001A /* Screen.swift in Sources */,
				95AAE106240AF53A00A2001A /* Platform.swift in Sources */,
				999F72DF24123FE800BD539F /* Colors.swift in Sources */,
				955B85A5240AC69C00239894 /* LoginWebViewController.swift in Sources */,
				952A0AC8244A646C00D004BD /* WebLoginSteps.swift in Sources */,
				95E30D9E240DAAC40086A36D /* ProfileView.swift in Sources */,
				952A0AAC2449FDAD00D004BD /* PreferenceService.swift in Sources */,
				95AAE100240ADE8F00A2001A /* CallbackResponse.swift in Sources */,
				952A0ABC244A0EC200D004BD /* ProjectsSteps.swift in Sources */,
				952A0AB2244A015400D004BD /* SplashViewController.swift in Sources */,
				953C072E240F8A5C0071842A /* ScreenSection.swift in Sources */,
				952A0AC4244A528B00D004BD /* ProfileFlow.swift in Sources */,
				955B8586240A86E400239894 /* LoginViewModel.swift in Sources */,
				952A0AC2244A108600D004BD /* SplashViewModel.swift in Sources */,
				95AAE104240AF4D300A2001A /* ProjectStatus.swift in Sources */,
				955B85A3240A965800239894 /* ProjectsEmptyView.swift in Sources */,
				953C0732240FDA910071842A /* ScreenView.swift in Sources */,
				952A0ABE244A0F9100D004BD /* LoginFlow.swift in Sources */,
				955B85AA240AC73F00239894 /* LoginWebView.swift in Sources */,
				955B85A1240A8E9700239894 /* ProjectsViewController.swift in Sources */,
				95AAE11B240B094E00A2001A /* Section.swift in Sources */,
				955B859D240A8E6700239894 /* ProjectsView.swift in Sources */,
				9566E2722431192400BF78AC /* ZeplinProvider.swift in Sources */,
				952A0AB02449FED900D004BD /* ZeplinService.swift in Sources */,
				95AAE121240B151000A2001A /* ProjectEditBarView.swift in Sources */,
				955B8584240A86CB00239894 /* LoginView.swift in Sources */,
				95AAE114240B083900A2001A /* ScreenCell.swift in Sources */,
				95AAE102240AF43900A2001A /* Project.swift in Sources */,
				952A0AAA2449FD9F00D004BD /* AppServices.swift in Sources */,
				953C0736240FDA9F0071842A /* ScreenViewController.swift in Sources */,
				952A0AB6244A05A700D004BD /* ProfileSteps.swift in Sources */,
				95E30D95240DA4C40086A36D /* NotificationsView.swift in Sources */,
				952A0AB8244A060400D004BD /* AppConfig.swift in Sources */,
				95E30D9B240DA5550086A36D /* NotificationsEmptyView.swift in Sources */,
				95AAE10D240B07AC00A2001A /* ProjectView.swift in Sources */,
				95AAE111240B07B900A2001A /* ProjectViewController.swift in Sources */,
				955B85AC240AC75400239894 /* LoginWebViewModel.swift in Sources */,
				955B8595240A874800239894 /* Extensions.swift in Sources */,
				952A0AA72449FD1F00D004BD /* AppSteps.swift in Sources */,
				95AAE108240AF9AC00A2001A /* ProjectCell.swift in Sources */,
				952A0AB4244A029900D004BD /* LoadingView.swift in Sources */,
				955B8588240A870500239894 /* LoginViewController.swift in Sources */,
				952A0AAE2449FE1800D004BD /* SplashFlow.swift in Sources */,
				95E30DA2240DAAFB0086A36D /* ProfileViewController.swift in Sources */,
				95AAE119240B08FE00A2001A /* Image.swift in Sources */,
				95AAE0FE240ADE4100A2001A /* User.swift in Sources */,
				953C073A2410554C0071842A /* NotificationsComingSoonView.swift in Sources */,
				952A0ABA244A0E5A00D004BD /* ProjectsFlow.swift in Sources */,
			);
			runOnlyForDeploymentPostprocessing = 0;
		};
		9566E2512431029F00BF78AC /* Sources */ = {
			isa = PBXSourcesBuildPhase;
			buildActionMask = 2147483647;
			files = (
				9566E2582431029F00BF78AC /* NotificationService.swift in Sources */,
			);
			runOnlyForDeploymentPostprocessing = 0;
		};
/* End PBXSourcesBuildPhase section */

/* Begin PBXTargetDependency section */
		9566E25B2431029F00BF78AC /* PBXTargetDependency */ = {
			isa = PBXTargetDependency;
			target = 9566E2542431029F00BF78AC /* NotificationService */;
			targetProxy = 9566E25A2431029F00BF78AC /* PBXContainerItemProxy */;
		};
/* End PBXTargetDependency section */

/* Begin PBXVariantGroup section */
		955B855B240A858200239894 /* LaunchScreen.storyboard */ = {
			isa = PBXVariantGroup;
			children = (
				955B855C240A858200239894 /* Base */,
			);
			name = LaunchScreen.storyboard;
			sourceTree = "<group>";
		};
/* End PBXVariantGroup section */

/* Begin XCBuildConfiguration section */
		955B855F240A858200239894 /* Debug */ = {
			isa = XCBuildConfiguration;
			buildSettings = {
				ALWAYS_SEARCH_USER_PATHS = NO;
				CLANG_ANALYZER_NONNULL = YES;
				CLANG_ANALYZER_NUMBER_OBJECT_CONVERSION = YES_AGGRESSIVE;
				CLANG_CXX_LANGUAGE_STANDARD = "gnu++14";
				CLANG_CXX_LIBRARY = "libc++";
				CLANG_ENABLE_MODULES = YES;
				CLANG_ENABLE_OBJC_ARC = YES;
				CLANG_ENABLE_OBJC_WEAK = YES;
				CLANG_WARN_BLOCK_CAPTURE_AUTORELEASING = YES;
				CLANG_WARN_BOOL_CONVERSION = YES;
				CLANG_WARN_COMMA = YES;
				CLANG_WARN_CONSTANT_CONVERSION = YES;
				CLANG_WARN_DEPRECATED_OBJC_IMPLEMENTATIONS = YES;
				CLANG_WARN_DIRECT_OBJC_ISA_USAGE = YES_ERROR;
				CLANG_WARN_DOCUMENTATION_COMMENTS = YES;
				CLANG_WARN_EMPTY_BODY = YES;
				CLANG_WARN_ENUM_CONVERSION = YES;
				CLANG_WARN_INFINITE_RECURSION = YES;
				CLANG_WARN_INT_CONVERSION = YES;
				CLANG_WARN_NON_LITERAL_NULL_CONVERSION = YES;
				CLANG_WARN_OBJC_IMPLICIT_RETAIN_SELF = YES;
				CLANG_WARN_OBJC_LITERAL_CONVERSION = YES;
				CLANG_WARN_OBJC_ROOT_CLASS = YES_ERROR;
				CLANG_WARN_RANGE_LOOP_ANALYSIS = YES;
				CLANG_WARN_STRICT_PROTOTYPES = YES;
				CLANG_WARN_SUSPICIOUS_MOVE = YES;
				CLANG_WARN_UNGUARDED_AVAILABILITY = YES_AGGRESSIVE;
				CLANG_WARN_UNREACHABLE_CODE = YES;
				CLANG_WARN__DUPLICATE_METHOD_MATCH = YES;
				CODE_SIGN_STYLE = Automatic;
				COPY_PHASE_STRIP = NO;
				DEBUG_INFORMATION_FORMAT = dwarf;
				ENABLE_STRICT_OBJC_MSGSEND = YES;
				ENABLE_TESTABILITY = YES;
				GCC_C_LANGUAGE_STANDARD = gnu11;
				GCC_DYNAMIC_NO_PIC = NO;
				GCC_NO_COMMON_BLOCKS = YES;
				GCC_OPTIMIZATION_LEVEL = 0;
				GCC_PREPROCESSOR_DEFINITIONS = (
					"DEBUG=1",
					"$(inherited)",
				);
				GCC_WARN_64_TO_32_BIT_CONVERSION = YES;
				GCC_WARN_ABOUT_RETURN_TYPE = YES_ERROR;
				GCC_WARN_UNDECLARED_SELECTOR = YES;
				GCC_WARN_UNINITIALIZED_AUTOS = YES_AGGRESSIVE;
				GCC_WARN_UNUSED_FUNCTION = YES;
				GCC_WARN_UNUSED_VARIABLE = YES;
				IPHONEOS_DEPLOYMENT_TARGET = 13.2;
				MTL_ENABLE_DEBUG_INFO = INCLUDE_SOURCE;
				MTL_FAST_MATH = YES;
				ONLY_ACTIVE_ARCH = YES;
				SDKROOT = iphoneos;
				SWIFT_ACTIVE_COMPILATION_CONDITIONS = DEBUG;
				SWIFT_OPTIMIZATION_LEVEL = "-Onone";
			};
			name = Debug;
		};
		955B8560240A858200239894 /* Release */ = {
			isa = XCBuildConfiguration;
			buildSettings = {
				ALWAYS_SEARCH_USER_PATHS = NO;
				CLANG_ANALYZER_NONNULL = YES;
				CLANG_ANALYZER_NUMBER_OBJECT_CONVERSION = YES_AGGRESSIVE;
				CLANG_CXX_LANGUAGE_STANDARD = "gnu++14";
				CLANG_CXX_LIBRARY = "libc++";
				CLANG_ENABLE_MODULES = YES;
				CLANG_ENABLE_OBJC_ARC = YES;
				CLANG_ENABLE_OBJC_WEAK = YES;
				CLANG_WARN_BLOCK_CAPTURE_AUTORELEASING = YES;
				CLANG_WARN_BOOL_CONVERSION = YES;
				CLANG_WARN_COMMA = YES;
				CLANG_WARN_CONSTANT_CONVERSION = YES;
				CLANG_WARN_DEPRECATED_OBJC_IMPLEMENTATIONS = YES;
				CLANG_WARN_DIRECT_OBJC_ISA_USAGE = YES_ERROR;
				CLANG_WARN_DOCUMENTATION_COMMENTS = YES;
				CLANG_WARN_EMPTY_BODY = YES;
				CLANG_WARN_ENUM_CONVERSION = YES;
				CLANG_WARN_INFINITE_RECURSION = YES;
				CLANG_WARN_INT_CONVERSION = YES;
				CLANG_WARN_NON_LITERAL_NULL_CONVERSION = YES;
				CLANG_WARN_OBJC_IMPLICIT_RETAIN_SELF = YES;
				CLANG_WARN_OBJC_LITERAL_CONVERSION = YES;
				CLANG_WARN_OBJC_ROOT_CLASS = YES_ERROR;
				CLANG_WARN_RANGE_LOOP_ANALYSIS = YES;
				CLANG_WARN_STRICT_PROTOTYPES = YES;
				CLANG_WARN_SUSPICIOUS_MOVE = YES;
				CLANG_WARN_UNGUARDED_AVAILABILITY = YES_AGGRESSIVE;
				CLANG_WARN_UNREACHABLE_CODE = YES;
				CLANG_WARN__DUPLICATE_METHOD_MATCH = YES;
				CODE_SIGN_STYLE = Automatic;
				COPY_PHASE_STRIP = NO;
				DEBUG_INFORMATION_FORMAT = "dwarf-with-dsym";
				ENABLE_NS_ASSERTIONS = NO;
				ENABLE_STRICT_OBJC_MSGSEND = YES;
				GCC_C_LANGUAGE_STANDARD = gnu11;
				GCC_NO_COMMON_BLOCKS = YES;
				GCC_WARN_64_TO_32_BIT_CONVERSION = YES;
				GCC_WARN_ABOUT_RETURN_TYPE = YES_ERROR;
				GCC_WARN_UNDECLARED_SELECTOR = YES;
				GCC_WARN_UNINITIALIZED_AUTOS = YES_AGGRESSIVE;
				GCC_WARN_UNUSED_FUNCTION = YES;
				GCC_WARN_UNUSED_VARIABLE = YES;
				IPHONEOS_DEPLOYMENT_TARGET = 13.2;
				MTL_ENABLE_DEBUG_INFO = NO;
				MTL_FAST_MATH = YES;
				SDKROOT = iphoneos;
				SWIFT_COMPILATION_MODE = wholemodule;
				SWIFT_OPTIMIZATION_LEVEL = "-O";
				VALIDATE_PRODUCT = YES;
			};
			name = Release;
		};
		955B8562240A858200239894 /* Debug */ = {
			isa = XCBuildConfiguration;
			baseConfigurationReference = 44BFB4149AB948228E55BE0C /* Pods-zeplin.debug.xcconfig */;
			buildSettings = {
				ALWAYS_EMBED_SWIFT_STANDARD_LIBRARIES = YES;
				ASSETCATALOG_COMPILER_APPICON_NAME = AppIcon;
				CODE_SIGN_ENTITLEMENTS = zeplin/Zeplin.entitlements;
				CODE_SIGN_IDENTITY = "iPhone Distribution";
				CODE_SIGN_STYLE = Manual;
				CURRENT_PROJECT_VERSION = 18;
				DEVELOPMENT_TEAM = RJT2ZG7N88;
				FRAMEWORK_SEARCH_PATHS = (
					"$(inherited)",
					"$(PROJECT_DIR)/Carthage/Build/iOS",
				);
				INFOPLIST_FILE = zeplin/Info.plist;
				IPHONEOS_DEPLOYMENT_TARGET = 12.0;
				LD_RUNPATH_SEARCH_PATHS = (
					"$(inherited)",
					"@executable_path/Frameworks",
				);
				MARKETING_VERSION = 1.0.4;
				PRODUCT_BUNDLE_IDENTIFIER = relevant.fruit.zeplin;
				PRODUCT_NAME = Zeplin;
				PROVISIONING_PROFILE_SPECIFIER = "match Development relevant.fruit.zeplin";
				SWIFT_VERSION = 5.0;
				TARGETED_DEVICE_FAMILY = 1;
			};
			name = Debug;
		};
		955B8563240A858200239894 /* Release */ = {
			isa = XCBuildConfiguration;
			baseConfigurationReference = 78324987ADF4751DAC07532E /* Pods-zeplin.release.xcconfig */;
			buildSettings = {
				ALWAYS_EMBED_SWIFT_STANDARD_LIBRARIES = YES;
				ASSETCATALOG_COMPILER_APPICON_NAME = AppIcon;
				CODE_SIGN_ENTITLEMENTS = zeplin/Zeplin.entitlements;
				CODE_SIGN_IDENTITY = "iPhone Distribution";
				CODE_SIGN_STYLE = Manual;
				CURRENT_PROJECT_VERSION = 18;
				DEVELOPMENT_TEAM = RJT2ZG7N88;
				FRAMEWORK_SEARCH_PATHS = (
					"$(inherited)",
					"$(PROJECT_DIR)/Carthage/Build/iOS",
				);
				INFOPLIST_FILE = zeplin/Info.plist;
				IPHONEOS_DEPLOYMENT_TARGET = 12.0;
				LD_RUNPATH_SEARCH_PATHS = (
					"$(inherited)",
					"@executable_path/Frameworks",
				);
				MARKETING_VERSION = 1.0.4;
				PRODUCT_BUNDLE_IDENTIFIER = relevant.fruit.zeplin;
				PRODUCT_NAME = Zeplin;
				PROVISIONING_PROFILE_SPECIFIER = "match AppStore relevant.fruit.zeplin";
				SWIFT_VERSION = 5.0;
				TARGETED_DEVICE_FAMILY = 1;
			};
			name = Release;
		};
		9566E25E2431029F00BF78AC /* Debug */ = {
			isa = XCBuildConfiguration;
			baseConfigurationReference = 7020DC1D485FC491DC670291 /* Pods-NotificationService.debug.xcconfig */;
			buildSettings = {
				CODE_SIGN_IDENTITY = "iPhone Distribution";
				CODE_SIGN_STYLE = Manual;
				CURRENT_PROJECT_VERSION = 18;
				DEVELOPMENT_TEAM = RJT2ZG7N88;
				FRAMEWORK_SEARCH_PATHS = (
					"$(inherited)",
					"$(PROJECT_DIR)/Carthage/Build/iOS",
				);
				INFOPLIST_FILE = NotificationService/Info.plist;
				IPHONEOS_DEPLOYMENT_TARGET = 12.0;
				LD_RUNPATH_SEARCH_PATHS = (
					"$(inherited)",
					"@executable_path/Frameworks",
					"@executable_path/../../Frameworks",
				);
				MARKETING_VERSION = 1.0.4;
				PRODUCT_BUNDLE_IDENTIFIER = relevant.fruit.zeplin.NotificationService;
				PRODUCT_NAME = "$(TARGET_NAME)";
				PROVISIONING_PROFILE_SPECIFIER = "match Development relevant.fruit.zeplin.NotificationService";
				SKIP_INSTALL = YES;
				SWIFT_VERSION = 5.0;
				TARGETED_DEVICE_FAMILY = 1;
			};
			name = Debug;
		};
		9566E25F2431029F00BF78AC /* Release */ = {
			isa = XCBuildConfiguration;
			baseConfigurationReference = 60B1683C46DBFA6BA8290F1A /* Pods-NotificationService.release.xcconfig */;
			buildSettings = {
				CODE_SIGN_IDENTITY = "iPhone Distribution";
				CODE_SIGN_STYLE = Manual;
				CURRENT_PROJECT_VERSION = 18;
				DEVELOPMENT_TEAM = RJT2ZG7N88;
				FRAMEWORK_SEARCH_PATHS = (
					"$(inherited)",
					"$(PROJECT_DIR)/Carthage/Build/iOS",
				);
				INFOPLIST_FILE = NotificationService/Info.plist;
				IPHONEOS_DEPLOYMENT_TARGET = 12.0;
				LD_RUNPATH_SEARCH_PATHS = (
					"$(inherited)",
					"@executable_path/Frameworks",
					"@executable_path/../../Frameworks",
				);
				MARKETING_VERSION = 1.0.4;
				PRODUCT_BUNDLE_IDENTIFIER = relevant.fruit.zeplin.NotificationService;
				PRODUCT_NAME = "$(TARGET_NAME)";
				PROVISIONING_PROFILE_SPECIFIER = "match AppStore relevant.fruit.zeplin.NotificationService";
				SKIP_INSTALL = YES;
				SWIFT_VERSION = 5.0;
				TARGETED_DEVICE_FAMILY = 1;
			};
			name = Release;
		};
/* End XCBuildConfiguration section */

/* Begin XCConfigurationList section */
		955B8548240A858000239894 /* Build configuration list for PBXProject "zeplin" */ = {
			isa = XCConfigurationList;
			buildConfigurations = (
				955B855F240A858200239894 /* Debug */,
				955B8560240A858200239894 /* Release */,
			);
			defaultConfigurationIsVisible = 0;
			defaultConfigurationName = Release;
		};
		955B8561240A858200239894 /* Build configuration list for PBXNativeTarget "zeplin" */ = {
			isa = XCConfigurationList;
			buildConfigurations = (
				955B8562240A858200239894 /* Debug */,
				955B8563240A858200239894 /* Release */,
			);
			defaultConfigurationIsVisible = 0;
			defaultConfigurationName = Release;
		};
		9566E2602431029F00BF78AC /* Build configuration list for PBXNativeTarget "NotificationService" */ = {
			isa = XCConfigurationList;
			buildConfigurations = (
				9566E25E2431029F00BF78AC /* Debug */,
				9566E25F2431029F00BF78AC /* Release */,
			);
			defaultConfigurationIsVisible = 0;
			defaultConfigurationName = Release;
		};
/* End XCConfigurationList section */

/* Begin XCRemoteSwiftPackageReference section */
		952A0A9E2449FCFB00D004BD /* XCRemoteSwiftPackageReference "toolkit" */ = {
			isa = XCRemoteSwiftPackageReference;
			repositoryURL = "https://github.com/relevantfruit/toolkit";
			requirement = {
				branch = master;
				kind = branch;
			};
		};
		952A0ACB244A690300D004BD /* XCRemoteSwiftPackageReference "SwiftEntryKit" */ = {
			isa = XCRemoteSwiftPackageReference;
			repositoryURL = "https://github.com/huri000/SwiftEntryKit";
			requirement = {
				kind = revision;
				revision = 796981500de29ee72f72ef8e9c46eaed2fe6364e;
			};
		};
		952A0AD7244B491400D004BD /* XCRemoteSwiftPackageReference "sentry-cocoa" */ = {
			isa = XCRemoteSwiftPackageReference;
			repositoryURL = "https://github.com/getsentry/sentry-cocoa";
			requirement = {
				branch = master;
				kind = branch;
			};
		};
		955B8598240A880C00239894 /* XCRemoteSwiftPackageReference "Kingfisher" */ = {
			isa = XCRemoteSwiftPackageReference;
			repositoryURL = "https://github.com/onevcat/Kingfisher";
			requirement = {
				kind = upToNextMajorVersion;
				minimumVersion = 5.13.2;
			};
		};
/* End XCRemoteSwiftPackageReference section */

/* Begin XCSwiftPackageProductDependency section */
		952A0A9F2449FCFB00D004BD /* ToolkitRxSwift */ = {
			isa = XCSwiftPackageProductDependency;
			package = 952A0A9E2449FCFB00D004BD /* XCRemoteSwiftPackageReference "toolkit" */;
			productName = ToolkitRxSwift;
		};
		952A0ACC244A690300D004BD /* SwiftEntryKit */ = {
			isa = XCSwiftPackageProductDependency;
			package = 952A0ACB244A690300D004BD /* XCRemoteSwiftPackageReference "SwiftEntryKit" */;
			productName = SwiftEntryKit;
		};
		952A0AD8244B491400D004BD /* Sentry */ = {
			isa = XCSwiftPackageProductDependency;
			package = 952A0AD7244B491400D004BD /* XCRemoteSwiftPackageReference "sentry-cocoa" */;
			productName = Sentry;
		};
		955B8599240A880C00239894 /* Kingfisher */ = {
			isa = XCSwiftPackageProductDependency;
			package = 955B8598240A880C00239894 /* XCRemoteSwiftPackageReference "Kingfisher" */;
			productName = Kingfisher;
		};
/* End XCSwiftPackageProductDependency section */
	};
	rootObject = 955B8545240A858000239894 /* Project object */;
}
